array_relationships:
- name: account_balance_histories
  using:
    foreign_key_constraint_on:
      column: height
      table:
        name: account_balance_history
        schema: public
- name: delegation_histories
  using:
    foreign_key_constraint_on:
      column: height
      table:
        name: delegation_history
        schema: public
- name: delegation_reward_histories
  using:
    foreign_key_constraint_on:
      column: height
      table:
        name: delegation_reward_history
        schema: public
- name: pre_commits
  using:
    manual_configuration:
      column_mapping:
        height: height
      insertion_order: null
      remote_table:
        name: pre_commit
        schema: public
- name: redelegation_histories
  using:
    foreign_key_constraint_on:
      column: height
      table:
        name: redelegation_history
        schema: public
- name: transactions
  using:
    foreign_key_constraint_on:
      column: height
      table:
        name: transaction
        schema: public
- name: unbonding_delegation_histories
  using:
    foreign_key_constraint_on:
      column: height
      table:
        name: unbonding_delegation_history
        schema: public
- name: validator_commission_amount_histories
  using:
    foreign_key_constraint_on:
      column: height
      table:
        name: validator_commission_amount_history
        schema: public
- name: validator_voting_powers
  using:
    manual_configuration:
      column_mapping:
        height: height
      insertion_order: null
      remote_table:
        name: validator_voting_power
        schema: public
object_relationships:
- name: validator
  using:
    foreign_key_constraint_on: proposer_address
select_permissions:
- permission:
    allow_aggregations: true
    columns:
    - num_txs
    - height
    - total_gas
    - hash
    - proposer_address
    - timestamp
    filter: {}
  role: anonymous
table:
  name: block
  schema: public
